lockfileVersion: 5.3

specifiers:
  '@dusk-network/accordion': workspace:*
  '@dusk-network/alert': workspace:*
  '@dusk-network/breadcrumb': workspace:*
  '@dusk-network/button': workspace:*
  '@dusk-network/card': workspace:*
  '@dusk-network/control': workspace:*
  '@dusk-network/cookie-banner': workspace:*
  '@dusk-network/cta-list': workspace:*
  '@dusk-network/disclaimer-list': workspace:*
  '@dusk-network/drop-down': workspace:*
  '@dusk-network/file-upload': workspace:*
  '@dusk-network/footer': workspace:*
  '@dusk-network/form': workspace:*
  '@dusk-network/heading': workspace:*
  '@dusk-network/helpers': workspace:*
  '@dusk-network/hero': workspace:*
  '@dusk-network/icon': workspace:*
  '@dusk-network/loading-indicator': workspace:*
  '@dusk-network/logo': workspace:*
  '@dusk-network/menu': workspace:*
  '@dusk-network/meta': workspace:*
  '@dusk-network/mnemonic': workspace:*
  '@dusk-network/navbar': workspace:*
  '@dusk-network/pagination': workspace:*
  '@dusk-network/password-strength': workspace:*
  '@dusk-network/progress-bar': workspace:*
  '@dusk-network/rich-text': workspace:*
  '@dusk-network/search-list': workspace:*
  '@dusk-network/styles': workspace:*
  '@dusk-network/table': workspace:*
  '@dusk-network/text-field': workspace:*
  '@dusk-network/toggle': workspace:*
  '@dusk-network/wizard': workspace:*
  yup: ^0.32.11

dependencies:
  yup: 0.32.11

devDependencies:
  '@dusk-network/accordion': link:../packages/organisms/accordion
  '@dusk-network/alert': link:../packages/molecules/alert
  '@dusk-network/breadcrumb': link:../packages/molecules/breadcrumb
  '@dusk-network/button': link:../packages/molecules/button
  '@dusk-network/card': link:../packages/organisms/card
  '@dusk-network/control': link:../packages/molecules/control
  '@dusk-network/cookie-banner': link:../packages/organisms/cookie-banner
  '@dusk-network/cta-list': link:../packages/molecules/cta-list
  '@dusk-network/disclaimer-list': link:../packages/molecules/disclaimer-list
  '@dusk-network/drop-down': link:../packages/atoms/drop-down
  '@dusk-network/file-upload': link:../packages/molecules/file-upload
  '@dusk-network/footer': link:../packages/organisms/footer
  '@dusk-network/form': link:../packages/organisms/form
  '@dusk-network/heading': link:../packages/molecules/heading
  '@dusk-network/helpers': link:../packages/helpers
  '@dusk-network/hero': link:../packages/organisms/hero
  '@dusk-network/icon': link:../packages/atoms/icon
  '@dusk-network/loading-indicator': link:../packages/atoms/loading-indicator
  '@dusk-network/logo': link:../packages/atoms/logo
  '@dusk-network/menu': link:../packages/molecules/menu
  '@dusk-network/meta': link:../meta
  '@dusk-network/mnemonic': link:../packages/molecules/mnemonic
  '@dusk-network/navbar': link:../packages/organisms/navbar
  '@dusk-network/pagination': link:../packages/molecules/pagination
  '@dusk-network/password-strength': link:../packages/molecules/password-strength
  '@dusk-network/progress-bar': link:../packages/atoms/progress-bar
  '@dusk-network/rich-text': link:../packages/atoms/rich-text
  '@dusk-network/search-list': link:../packages/organisms/search-list
  '@dusk-network/styles': link:../packages/styles
  '@dusk-network/table': link:../packages/organisms/table
  '@dusk-network/text-field': link:../packages/atoms/text-field
  '@dusk-network/toggle': link:../packages/atoms/toggle
  '@dusk-network/wizard': link:../packages/organisms/wizard

packages:

  /@babel/runtime/7.16.3:
    resolution: {integrity: sha512-WBwekcqacdY2e9AF/Q7WLFUWmdJGJTkbjqTjoMDgXkVZ3ZRUvOPsLb5KdwISoQVsbP+DQzVZW4Zhci0DvpbNTQ==}
    engines: {node: '>=6.9.0'}
    dependencies:
      regenerator-runtime: 0.13.9
    dev: false

  /@types/lodash/4.14.177:
    resolution: {integrity: sha512-0fDwydE2clKe9MNfvXHBHF9WEahRuj+msTuQqOmAApNORFvhMYZKNGGJdCzuhheVjMps/ti0Ak/iJPACMaevvw==}
    dev: false

  /lodash-es/4.17.21:
    resolution: {integrity: sha512-mKnC+QJ9pWVzv+C4/U3rRsHapFfHvQFoFB92e52xeyGMcX6/OlIl78je1u8vePzYZSkkogMPJ2yjxxsb89cxyw==}
    dev: false

  /lodash/4.17.21:
    resolution: {integrity: sha512-v2kDEe57lecTulaDIuNTPy3Ry4gLGJ6Z1O3vE1krgXZNrsQ+LFTGHVxVjcXPs17LhbZVGedAJv8XZ1tvj5FvSg==}
    dev: false

  /nanoclone/0.2.1:
    resolution: {integrity: sha512-wynEP02LmIbLpcYw8uBKpcfF6dmg2vcpKqxeH5UcoKEYdExslsdUA4ugFauuaeYdTB76ez6gJW8XAZ6CgkXYxA==}
    dev: false

  /property-expr/2.0.4:
    resolution: {integrity: sha512-sFPkHQjVKheDNnPvotjQmm3KD3uk1fWKUN7CrpdbwmUx3CrG3QiM8QpTSimvig5vTXmTvjz7+TDvXOI9+4rkcg==}
    dev: false

  /regenerator-runtime/0.13.9:
    resolution: {integrity: sha512-p3VT+cOEgxFsRRA9X4lkI1E+k2/CtnKtU4gcxyaCUreilL/vqI6CdZ3wxVUx3UOUg+gnUOQQcRI7BmSI656MYA==}
    dev: false

  /toposort/2.0.2:
    resolution: {integrity: sha1-riF2gXXRVZ1IvvNUILL0li8JwzA=}
    dev: false

  /yup/0.32.11:
    resolution: {integrity: sha512-Z2Fe1bn+eLstG8DRR6FTavGD+MeAwyfmouhHsIUgaADz8jvFKbO/fXc2trJKZg+5EBjh4gGm3iU/t3onKlXHIg==}
    engines: {node: '>=10'}
    dependencies:
      '@babel/runtime': 7.16.3
      '@types/lodash': 4.14.177
      lodash: 4.17.21
      lodash-es: 4.17.21
      nanoclone: 0.2.1
      property-expr: 2.0.4
      toposort: 2.0.2
    dev: false
